{
  "lockfile_version": "1",
  "packages": {
    "github:NixOS/nixpkgs/nixpkgs-unstable": {
      "last_modified": "2025-06-26T00:46:18Z",
      "resolved": "github:NixOS/nixpkgs/322d8a3c6940039f7cff179a8b09c5d7ca06359d?lastModified=1750898778"
    },
    "nodejs_24@24.3.0": {
      "last_modified": "2025-06-25T07:32:58Z",
      "plugin_version": "0.0.2",
      "resolved": "github:NixOS/nixpkgs/d7bb1922f0bb3d0c990f56f9cdb767fdb20a5f22#nodejs_24",
      "source": "devbox-search",
      "version": "24.3.0",
      "systems": {
        "aarch64-darwin": {
          "outputs": [
            {
              "name": "out",
              "path": "/nix/store/ra024xh0z4iqrna0zz2vm087n32x0r6f-nodejs-24.3.0",
              "default": true
            },
            {
              "name": "dev",
              "path": "/nix/store/5xxmn80w1qdifbyzqm9ymvcg9vaigp1b-nodejs-24.3.0-dev"
            },
            {
              "name": "libv8",
              "path": "/nix/store/jn8cnmmaq0cxkaa1ibxbsis6lv33157z-nodejs-24.3.0-libv8"
            }
          ],
          "store_path": "/nix/store/ra024xh0z4iqrna0zz2vm087n32x0r6f-nodejs-24.3.0"
        },
        "aarch64-linux": {
          "outputs": [
            {
              "name": "out",
              "path": "/nix/store/0ila37s620p6g2s83p4dr6c4nwhjwhf7-nodejs-24.3.0",
              "default": true
            },
            {
              "name": "dev",
              "path": "/nix/store/4wpgz06wbc94dj2i36jfq0dyzjbcp19x-nodejs-24.3.0-dev"
            },
            {
              "name": "libv8",
              "path": "/nix/store/w3yzj46br5lfqpc09780020pgzgayhgy-nodejs-24.3.0-libv8"
            }
          ],
          "store_path": "/nix/store/0ila37s620p6g2s83p4dr6c4nwhjwhf7-nodejs-24.3.0"
        },
        "x86_64-darwin": {
          "outputs": [
            {
              "name": "out",
              "path": "/nix/store/0dkal0hnky98arm4wgq948i30r7rw2h8-nodejs-24.3.0",
              "default": true
            },
            {
              "name": "dev",
              "path": "/nix/store/9777amzil64sm5rizaqy4p9jdq7qvq3i-nodejs-24.3.0-dev"
            },
            {
              "name": "libv8",
              "path": "/nix/store/jhcqjqf3z2d6m48f953adqk64n3lggsy-nodejs-24.3.0-libv8"
            }
          ],
          "store_path": "/nix/store/0dkal0hnky98arm4wgq948i30r7rw2h8-nodejs-24.3.0"
        },
        "x86_64-linux": {
          "outputs": [
            {
              "name": "out",
              "path": "/nix/store/6ba6h1x0rh2d5fbahjcydn7q8dd4ny8f-nodejs-24.3.0",
              "default": true
            },
            {
              "name": "dev",
              "path": "/nix/store/adqp6w8254pwxnz06yf10gzya2pg1q1l-nodejs-24.3.0-dev"
            },
            {
              "name": "libv8",
              "path": "/nix/store/8jmfxx4kffykzgfkbxb5rh10ib76vdqz-nodejs-24.3.0-libv8"
            }
          ],
          "store_path": "/nix/store/6ba6h1x0rh2d5fbahjcydn7q8dd4ny8f-nodejs-24.3.0"
        }
      }
    },
    "pre-commit@4.2.0": {
      "last_modified": "2025-06-20T02:24:11Z",
      "resolved": "github:NixOS/nixpkgs/076e8c6678d8c54204abcb4b1b14c366835a58bb#pre-commit",
      "source": "devbox-search",
      "version": "4.2.0",
      "systems": {
        "aarch64-darwin": {
          "outputs": [
            {
              "name": "out",
              "path": "/nix/store/gyznp2z3pd8wdkk0wzaz1pfnjrbfragr-pre-commit-4.2.0",
              "default": true
            },
            {
              "name": "dist",
              "path": "/nix/store/4hhmvq0z9b4lg2fap6jq9fjxvn97cy4l-pre-commit-4.2.0-dist"
            }
          ],
          "store_path": "/nix/store/gyznp2z3pd8wdkk0wzaz1pfnjrbfragr-pre-commit-4.2.0"
        },
        "aarch64-linux": {
          "outputs": [
            {
              "name": "out",
              "path": "/nix/store/d1adml1ax94z3cmmdh54aa5gb5b5lr9d-pre-commit-4.2.0",
              "default": true
            },
            {
              "name": "dist",
              "path": "/nix/store/xrfiwvbmd54d6djr5fdh1a3jnyv4w5hd-pre-commit-4.2.0-dist"
            }
          ],
          "store_path": "/nix/store/d1adml1ax94z3cmmdh54aa5gb5b5lr9d-pre-commit-4.2.0"
        },
        "x86_64-darwin": {
          "outputs": [
            {
              "name": "out",
              "path": "/nix/store/1sbi1q54qab5ap275zxrj9p65r1i09iy-pre-commit-4.2.0",
              "default": true
            },
            {
              "name": "dist",
              "path": "/nix/store/q2vvc95lbycahl1h8dzbqc84mg7s2fbz-pre-commit-4.2.0-dist"
            }
          ],
          "store_path": "/nix/store/1sbi1q54qab5ap275zxrj9p65r1i09iy-pre-commit-4.2.0"
        },
        "x86_64-linux": {
          "outputs": [
            {
              "name": "out",
              "path": "/nix/store/zxvldrm671gq69azfhwd78siy3zgzn40-pre-commit-4.2.0",
              "default": true
            },
            {
              "name": "dist",
              "path": "/nix/store/xvyw44yiz51j2blpghhfb1fpd4x9vkna-pre-commit-4.2.0-dist"
            }
          ],
          "store_path": "/nix/store/zxvldrm671gq69azfhwd78siy3zgzn40-pre-commit-4.2.0"
        }
      }
    },
    "shellcheck@0.10.0": {
      "last_modified": "2025-06-20T02:24:11Z",
      "resolved": "github:NixOS/nixpkgs/076e8c6678d8c54204abcb4b1b14c366835a58bb#shellcheck",
      "source": "devbox-search",
      "version": "0.10.0",
      "systems": {
        "aarch64-darwin": {
          "outputs": [
            {
              "name": "bin",
              "path": "/nix/store/qsj3yxjwaf73lffvzf45fmahq7m1n7x4-shellcheck-0.10.0-bin",
              "default": true
            },
            {
              "name": "man",
              "path": "/nix/store/zf231ipz367dgjw44l7n41g4c7dgyays-shellcheck-0.10.0-man",
              "default": true
            },
            {
              "name": "doc",
              "path": "/nix/store/pdicgyvhzzrca0sqmihahlgrywab8xx9-shellcheck-0.10.0-doc",
              "default": true
            },
            {
              "name": "out",
              "path": "/nix/store/584bvfbg4ywsn9bb30br4r8fqmp5ggw2-shellcheck-0.10.0"
            }
          ],
          "store_path": "/nix/store/qsj3yxjwaf73lffvzf45fmahq7m1n7x4-shellcheck-0.10.0-bin"
        },
        "aarch64-linux": {
          "outputs": [
            {
              "name": "bin",
              "path": "/nix/store/79ycks23yh1kv84r6s02p541c0y1nw9r-shellcheck-0.10.0-bin",
              "default": true
            },
            {
              "name": "man",
              "path": "/nix/store/l7awsn9nl4j5dgrliwkaf6nbw6lgn6ci-shellcheck-0.10.0-man",
              "default": true
            },
            {
              "name": "doc",
              "path": "/nix/store/i7678lznw0nr0422qim2fapzrq682krw-shellcheck-0.10.0-doc",
              "default": true
            },
            {
              "name": "out",
              "path": "/nix/store/78xvf4h4ad1f9yn74n21l1i34gxv5c7i-shellcheck-0.10.0"
            }
          ],
          "store_path": "/nix/store/79ycks23yh1kv84r6s02p541c0y1nw9r-shellcheck-0.10.0-bin"
        },
        "x86_64-darwin": {
          "outputs": [
            {
              "name": "bin",
              "path": "/nix/store/iq96phmmdcnsry2ngqyy720c4sk99s18-shellcheck-0.10.0-bin",
              "default": true
            },
            {
              "name": "man",
              "path": "/nix/store/8iym4xdrc1l74icpw3slbhm82c9nhzmy-shellcheck-0.10.0-man",
              "default": true
            },
            {
              "name": "doc",
              "path": "/nix/store/mc1a9fl72alfqn19wqm34m53zbhg8hqh-shellcheck-0.10.0-doc",
              "default": true
            },
            {
              "name": "out",
              "path": "/nix/store/x2ww2jjgjplqz32wy8j0g4k85wfkbnfd-shellcheck-0.10.0"
            }
          ],
          "store_path": "/nix/store/iq96phmmdcnsry2ngqyy720c4sk99s18-shellcheck-0.10.0-bin"
        },
        "x86_64-linux": {
          "outputs": [
            {
              "name": "bin",
              "path": "/nix/store/6lp66063vh1gsva6ypgy04wdjkcy67nq-shellcheck-0.10.0-bin",
              "default": true
            },
            {
              "name": "man",
              "path": "/nix/store/8nz4x7f7pv5gqbb34an4hqjbykkxmr8y-shellcheck-0.10.0-man",
              "default": true
            },
            {
              "name": "doc",
              "path": "/nix/store/75b3g9kl56c8h7hw5s93fhsy91s5my5w-shellcheck-0.10.0-doc",
              "default": true
            },
            {
              "name": "out",
              "path": "/nix/store/xpjpha1qqbkdqn245fp7xhq1kbdidq64-shellcheck-0.10.0"
            }
          ],
          "store_path": "/nix/store/6lp66063vh1gsva6ypgy04wdjkcy67nq-shellcheck-0.10.0-bin"
        }
      }
    }
  }
}
