{
  "lockfile_version": "1",
  "packages": {
    "github:NixOS/nixpkgs/nixpkgs-unstable": {
      "last_modified": "2025-06-26T00:46:18Z",
      "resolved": "github:NixOS/nixpkgs/322d8a3c6940039f7cff179a8b09c5d7ca06359d?lastModified=1750898778"
    },
    "nodejs_24@24.11.0": {
      "last_modified": "2025-11-15T07:28:48Z",
      "plugin_version": "0.0.2",
      "resolved": "github:NixOS/nixpkgs/1d4c88323ac36805d09657d13a5273aea1b34f0c#nodejs_24",
      "source": "devbox-search",
      "version": "24.11.0",
      "systems": {
        "aarch64-darwin": {
          "outputs": [
            {
              "name": "out",
              "path": "/nix/store/kh92nj218v7y267l59c9gh5cj90xjarb-nodejs-24.11.0",
              "default": true
            },
            {
              "name": "dev",
              "path": "/nix/store/l7qvq86rssr0rqgj9aahka6993bxl90b-nodejs-24.11.0-dev"
            },
            {
              "name": "libv8",
              "path": "/nix/store/q3l7naqajvsr7gg0mfbnbp9idpgri8sk-nodejs-24.11.0-libv8"
            }
          ],
          "store_path": "/nix/store/kh92nj218v7y267l59c9gh5cj90xjarb-nodejs-24.11.0"
        },
        "aarch64-linux": {
          "outputs": [
            {
              "name": "out",
              "path": "/nix/store/a1kicz8hm9rm517mxlqxr6skayfxadf6-nodejs-24.11.0",
              "default": true
            },
            {
              "name": "dev",
              "path": "/nix/store/4prl57ccqz6vwa4d30rxhcq3d77prvh8-nodejs-24.11.0-dev"
            },
            {
              "name": "libv8",
              "path": "/nix/store/8hv0m3dhaadqf85c8gqb21q483809k3n-nodejs-24.11.0-libv8"
            }
          ],
          "store_path": "/nix/store/a1kicz8hm9rm517mxlqxr6skayfxadf6-nodejs-24.11.0"
        },
        "x86_64-darwin": {
          "outputs": [
            {
              "name": "out",
              "path": "/nix/store/v578kr414iyvsx7imvs8kzww19kmw5nv-nodejs-24.11.0",
              "default": true
            },
            {
              "name": "dev",
              "path": "/nix/store/6iqjyc6sp3fvdhvb5040sb39zjim7zjf-nodejs-24.11.0-dev"
            },
            {
              "name": "libv8",
              "path": "/nix/store/rqchj64g3mp1r06642q8vac9vmx47ghk-nodejs-24.11.0-libv8"
            }
          ],
          "store_path": "/nix/store/v578kr414iyvsx7imvs8kzww19kmw5nv-nodejs-24.11.0"
        },
        "x86_64-linux": {
          "outputs": [
            {
              "name": "out",
              "path": "/nix/store/yz8zgb4x36b33zf553936fmnng7265a3-nodejs-24.11.0",
              "default": true
            },
            {
              "name": "dev",
              "path": "/nix/store/7lhsfdhaydi81bagx58087mpd67230yb-nodejs-24.11.0-dev"
            },
            {
              "name": "libv8",
              "path": "/nix/store/mah41cip4l8vg5ibg7ijiyg47grff9q3-nodejs-24.11.0-libv8"
            }
          ],
          "store_path": "/nix/store/yz8zgb4x36b33zf553936fmnng7265a3-nodejs-24.11.0"
        }
      }
    },
    "pre-commit@4.5.0": {
      "last_modified": "2025-11-29T19:37:08Z",
      "resolved": "github:NixOS/nixpkgs/a09378c0108815dbf3961a0e085936f4146ec415#pre-commit",
      "source": "devbox-search",
      "version": "4.5.0",
      "systems": {
        "aarch64-darwin": {
          "outputs": [
            {
              "name": "out",
              "path": "/nix/store/kbsd895yi5zzlnnyzlb314kqzkjcxirm-pre-commit-4.5.0",
              "default": true
            },
            {
              "name": "dist",
              "path": "/nix/store/1laiwl4i8f23d7faqvxbcq954sxy247j-pre-commit-4.5.0-dist"
            }
          ],
          "store_path": "/nix/store/kbsd895yi5zzlnnyzlb314kqzkjcxirm-pre-commit-4.5.0"
        },
        "aarch64-linux": {
          "outputs": [
            {
              "name": "out",
              "path": "/nix/store/9wcnpjj79915r15cgahl7s9kz9s1d6cz-pre-commit-4.5.0",
              "default": true
            },
            {
              "name": "dist",
              "path": "/nix/store/7pwsavmn3fwpc06b88lxavlhjmmrp0jl-pre-commit-4.5.0-dist"
            }
          ],
          "store_path": "/nix/store/9wcnpjj79915r15cgahl7s9kz9s1d6cz-pre-commit-4.5.0"
        },
        "x86_64-darwin": {
          "outputs": [
            {
              "name": "out",
              "path": "/nix/store/vkbhfi3vphnas6347gbxsdh8pwnj5cl6-pre-commit-4.5.0",
              "default": true
            },
            {
              "name": "dist",
              "path": "/nix/store/pzkk3zs6wgq0d1dsm3ri24hxp7c81h1h-pre-commit-4.5.0-dist"
            }
          ],
          "store_path": "/nix/store/vkbhfi3vphnas6347gbxsdh8pwnj5cl6-pre-commit-4.5.0"
        },
        "x86_64-linux": {
          "outputs": [
            {
              "name": "out",
              "path": "/nix/store/hhzpwcr2r29603ygc147wr58vlkf4qv5-pre-commit-4.5.0",
              "default": true
            },
            {
              "name": "dist",
              "path": "/nix/store/n6dxcjwniqcgp9vqnypi82057brqz24w-pre-commit-4.5.0-dist"
            }
          ],
          "store_path": "/nix/store/hhzpwcr2r29603ygc147wr58vlkf4qv5-pre-commit-4.5.0"
        }
      }
    },
    "shellcheck@0.11.0": {
      "last_modified": "2025-10-07T08:41:47Z",
      "resolved": "github:NixOS/nixpkgs/bce5fe2bb998488d8e7e7856315f90496723793c#shellcheck",
      "source": "devbox-search",
      "version": "0.11.0",
      "systems": {
        "aarch64-darwin": {
          "outputs": [
            {
              "name": "bin",
              "path": "/nix/store/r0w1y7il93q8frhxcwi8aycgsm5adbxy-shellcheck-0.11.0-bin",
              "default": true
            },
            {
              "name": "man",
              "path": "/nix/store/sbaqz2dmsyzyh98h0da4lgmvccdg2x9b-shellcheck-0.11.0-man",
              "default": true
            },
            {
              "name": "doc",
              "path": "/nix/store/71w04lv3d2jzk5ih6s597xjzfidzbin1-shellcheck-0.11.0-doc",
              "default": true
            },
            {
              "name": "out",
              "path": "/nix/store/mdqsxcdxvm2sz132dslsz52v35fhrwic-shellcheck-0.11.0"
            }
          ],
          "store_path": "/nix/store/r0w1y7il93q8frhxcwi8aycgsm5adbxy-shellcheck-0.11.0-bin"
        },
        "aarch64-linux": {
          "outputs": [
            {
              "name": "bin",
              "path": "/nix/store/v55ckpsljfz6q8a8ak4bf29nz1prkb0l-shellcheck-0.11.0-bin",
              "default": true
            },
            {
              "name": "man",
              "path": "/nix/store/zrf5hixy8hjbalvgc0v6p8gyzdblm5iq-shellcheck-0.11.0-man",
              "default": true
            },
            {
              "name": "doc",
              "path": "/nix/store/lysi2f6x2dknvaszdql98c3wxhj16zxi-shellcheck-0.11.0-doc",
              "default": true
            },
            {
              "name": "out",
              "path": "/nix/store/n9hsi3hbxghrjxqygrammc10rhsjv98n-shellcheck-0.11.0"
            }
          ],
          "store_path": "/nix/store/v55ckpsljfz6q8a8ak4bf29nz1prkb0l-shellcheck-0.11.0-bin"
        },
        "x86_64-darwin": {
          "outputs": [
            {
              "name": "bin",
              "path": "/nix/store/szpr8mnviiwf4wfhy5iawpl7vpalmyd0-shellcheck-0.11.0-bin",
              "default": true
            },
            {
              "name": "man",
              "path": "/nix/store/z5f2qc8ghjfjmia7yfvfqhxgbr2jvmng-shellcheck-0.11.0-man",
              "default": true
            },
            {
              "name": "doc",
              "path": "/nix/store/mi8zw9a9a973hvla0fnblahvqqgnpas7-shellcheck-0.11.0-doc",
              "default": true
            },
            {
              "name": "out",
              "path": "/nix/store/x1vgi1gxcgvih69k9gbw7wb3h8lphz06-shellcheck-0.11.0"
            }
          ],
          "store_path": "/nix/store/szpr8mnviiwf4wfhy5iawpl7vpalmyd0-shellcheck-0.11.0-bin"
        },
        "x86_64-linux": {
          "outputs": [
            {
              "name": "bin",
              "path": "/nix/store/vi57yivr3bgqg4b72il2yqv2x7x4qn7v-shellcheck-0.11.0-bin",
              "default": true
            },
            {
              "name": "man",
              "path": "/nix/store/riv61d1wih6psl4qj9a73nj54bgjy7pl-shellcheck-0.11.0-man",
              "default": true
            },
            {
              "name": "doc",
              "path": "/nix/store/rwnyiaincy1sja6chmy0dc89k9vm1mfz-shellcheck-0.11.0-doc",
              "default": true
            },
            {
              "name": "out",
              "path": "/nix/store/anr15z39i15hapgndmalbpg5xyxzfrkr-shellcheck-0.11.0"
            }
          ],
          "store_path": "/nix/store/vi57yivr3bgqg4b72il2yqv2x7x4qn7v-shellcheck-0.11.0-bin"
        }
      }
    }
  }
}
